
Microsoft Visual Studio Solution File, Format Version 12.00
# Visual Studio 15
VisualStudioVersion = 15.0.27130.2027
MinimumVisualStudioVersion = 10.0.40219.1
Project("{9A19103F-16F7-4668-BE54-9A1E7A4F7556}") = "PlayGround", "PlayGround\PlayGround.csproj", "{10C41F56-B234-481B-9890-CF22D27D3FE0}"
EndProject
Project("{FAE04EC0-301F-11D3-BF4B-00C04F79EFBC}") = "TextAnalyser", "..\TextAnalyser\TextAnalyser\TextAnalyser.csproj", "{7900035A-6B9F-4B07-84E0-71B5134406BD}"
EndProject
Project("{FAE04EC0-301F-11D3-BF4B-00C04F79EFBC}") = "TextAnalyserTests", "..\TextAnalyser\TextAnalyserTests\TextAnalyserTests.csproj", "{C869D68A-C860-422A-8365-F747623FD01B}"
EndProject
Project("{FAE04EC0-301F-11D3-BF4B-00C04F79EFBC}") = "TextCategoryEvaluatorGui", "..\TextAnalyser\TextCategoryEvaluatorGui\TextCategoryEvaluatorGui.csproj", "{86FBD987-0C65-40C3-A839-E6F7C17947B9}"
EndProject
Project("{2150E333-8FDC-42A3-9474-1A3956D46DE8}") = "Tests", "Tests", "{AE30F721-414C-4BF5-8E9D-952DA8EB6F43}"
EndProject
Project("{FAE04EC0-301F-11D3-BF4B-00C04F79EFBC}") = "SoundDataUtils", "..\SoundDataUtils\SoundDataUtils\SoundDataUtils.csproj", "{56E96119-7B12-4E47-AA21-19A27ED6489B}"
EndProject
Project("{FAE04EC0-301F-11D3-BF4B-00C04F79EFBC}") = "Sample_AudioToText", "..\SoundDataUtils\Sample_AudioToText\Sample_AudioToText.csproj", "{10E7820B-E4FA-425A-8E94-2D196A4653E4}"
EndProject
Project("{FAE04EC0-301F-11D3-BF4B-00C04F79EFBC}") = "PlayGroundNET", "PlayGroundNET\PlayGroundNET.csproj", "{A51896B4-C774-4DAA-83FC-50092153B0E3}"
EndProject
Project("{2150E333-8FDC-42A3-9474-1A3956D46DE8}") = "cscore", "cscore", "{9084B6ED-5E91-4E36-81FC-D2AFE40946E4}"
EndProject
Project("{FAE04EC0-301F-11D3-BF4B-00C04F79EFBC}") = "CSCore", "..\cscore\CSCore\CSCore.csproj", "{C3DCCFE3-DD3F-4EEE-849B-33E355B1E064}"
	ProjectSection(ProjectDependencies) = postProject
		{9522588A-5311-41F1-814C-4FB626FC0B47} = {9522588A-5311-41F1-814C-4FB626FC0B47}
		{9C5B4994-70C3-489D-933C-E2049C0505DB} = {9C5B4994-70C3-489D-933C-E2049C0505DB}
	EndProjectSection
EndProject
Project("{FAE04EC0-301F-11D3-BF4B-00C04F79EFBC}") = "CSCore.Test", "..\cscore\CSCore.Test\CSCore.Test.csproj", "{A4816166-67F7-42FF-B199-2758574312B2}"
EndProject
Project("{2150E333-8FDC-42A3-9474-1A3956D46DE8}") = "Tools", "Tools", "{1F24CB15-2CD3-432A-BE46-65CCE8A9DCF3}"
EndProject
Project("{FAE04EC0-301F-11D3-BF4B-00C04F79EFBC}") = "CSCli", "..\cscore\Tools\CSCli\CSCli.csproj", "{9C5B4994-70C3-489D-933C-E2049C0505DB}"
EndProject
Project("{2150E333-8FDC-42A3-9474-1A3956D46DE8}") = "Samples", "Samples", "{41D1D336-13B2-488B-8A85-C0F744035F8B}"
EndProject
Project("{FAE04EC0-301F-11D3-BF4B-00C04F79EFBC}") = "Recorder", "..\cscore\Samples\Recorder\Recorder.csproj", "{637070BF-4FD2-4DF9-838F-1C42E7BDAE74}"
EndProject
Project("{FAE04EC0-301F-11D3-BF4B-00C04F79EFBC}") = "EqualizerTest", "..\cscore\Samples\Equalizer\EqualizerTest.csproj", "{84AA94EB-9DAB-4255-A16E-8A8BA7DFB913}"
EndProject
Project("{FAE04EC0-301F-11D3-BF4B-00C04F79EFBC}") = "InlineILCompiler", "..\cscore\Tools\InlineILCompiler\InlineILCompiler\InlineILCompiler.csproj", "{9522588A-5311-41F1-814C-4FB626FC0B47}"
EndProject
Project("{FAE04EC0-301F-11D3-BF4B-00C04F79EFBC}") = "X3DAudioSample", "..\cscore\Samples\X3DAudioSample\X3DAudioSample.csproj", "{2CE65814-8EF5-4133-822B-3B7177A4E292}"
EndProject
Project("{FAE04EC0-301F-11D3-BF4B-00C04F79EFBC}") = "XAudio2Playback", "..\cscore\Samples\XAudio2Playback\XAudio2Playback.csproj", "{C6F0D42E-A5D4-4A7B-AD77-91A84449DE04}"
EndProject
Project("{FAE04EC0-301F-11D3-BF4B-00C04F79EFBC}") = "SimpleMixerSample", "..\cscore\Samples\SimpleMixerSample\SimpleMixerSample.csproj", "{237BD115-097E-4EB9-B447-8299F2EA5C7D}"
EndProject
Project("{FAE04EC0-301F-11D3-BF4B-00C04F79EFBC}") = "FadingSample", "..\cscore\Samples\FadingSample\FadingSample.csproj", "{0027D5BC-DF90-4EE4-B07E-4192A183AC38}"
EndProject
Project("{FAE04EC0-301F-11D3-BF4B-00C04F79EFBC}") = "WinformsVisualization", "..\cscore\Samples\WinformsVisualization\WinformsVisualization.csproj", "{EE2BF129-3451-4ADA-8698-42EE2A293688}"
EndProject
Project("{FAE04EC0-301F-11D3-BF4B-00C04F79EFBC}") = "NVorbisIntegration", "..\cscore\Samples\NVorbisIntegration\NVorbisIntegration.csproj", "{C4C6E0DA-3C5A-4D43-B1BA-0289A813AEF4}"
EndProject
Project("{FAE04EC0-301F-11D3-BF4B-00C04F79EFBC}") = "RecordToWma", "..\cscore\Samples\RecordToWma\RecordToWma.csproj", "{6D37DDE4-2418-4EFB-A6E3-DC6A94D9369D}"
EndProject
Project("{FAE04EC0-301F-11D3-BF4B-00C04F79EFBC}") = "AdjustPosition", "..\cscore\Samples\AdjustPosition\AdjustPosition.csproj", "{6C38E542-EFCE-4CAB-9B11-2C3D4D85F5F4}"
EndProject
Project("{FAE04EC0-301F-11D3-BF4B-00C04F79EFBC}") = "AudioPlayerSample", "..\cscore\Samples\AudioPlayerSample\AudioPlayerSample.csproj", "{000B0B0B-A12D-4EED-A261-7F95422E386A}"
EndProject
Project("{FAE04EC0-301F-11D3-BF4B-00C04F79EFBC}") = "CSCoreWaveform", "..\cscore\Samples\CSCoreWaveform\CSCoreWaveform.csproj", "{529DEB01-14A3-4FEC-AD89-6D4D0DC433C3}"
EndProject
Project("{FAE04EC0-301F-11D3-BF4B-00C04F79EFBC}") = "BiQuadFilterSample", "..\cscore\Samples\BiQuadFilterSample\BiQuadFilterSample.csproj", "{F8733117-DA1D-40DC-AEF8-98051B86E219}"
EndProject
Project("{FAE04EC0-301F-11D3-BF4B-00C04F79EFBC}") = "CSCore.Ffmpeg", "..\cscore\CSCore.Ffmpeg\CSCore.Ffmpeg.csproj", "{F4E6168A-B2CB-413C-AE0E-0D8B856B425E}"
EndProject
Project("{FAE04EC0-301F-11D3-BF4B-00C04F79EFBC}") = "FfmpegSample", "..\cscore\Samples\FfmpegSample\FfmpegSample.csproj", "{3CC0E6B1-1E96-4A07-8AE7-A7C7F47911B1}"
EndProject
Project("{FAE04EC0-301F-11D3-BF4B-00C04F79EFBC}") = "RecordWithSpecificFormat", "..\cscore\Samples\RecordWithSpecificFormat\RecordWithSpecificFormat.csproj", "{E0198A08-AAA8-4A76-B096-BBE72DA4F93B}"
EndProject
Project("{FAE04EC0-301F-11D3-BF4B-00C04F79EFBC}") = "ConvertWavToMp3", "..\cscore\Samples\ConvertWavToMp3\ConvertWavToMp3.csproj", "{9CF28420-D689-46E6-B659-72520A515372}"
EndProject
Project("{FAE04EC0-301F-11D3-BF4B-00C04F79EFBC}") = "PlayInputDeviceSample", "..\cscore\Samples\PlayInputDeviceSample\PlayInputDeviceSample.csproj", "{571AC77A-7D3D-44CF-B0E7-08DF03D7B638}"
EndProject
Project("{FAE04EC0-301F-11D3-BF4B-00C04F79EFBC}") = "EndpointAudioMeterSample", "..\cscore\Samples\EndpointAudioMeterSample\EndpointAudioMeterSample.csproj", "{2EDF3192-9107-4B7A-914A-EA25AFEB9F85}"
EndProject
Project("{FAE04EC0-301F-11D3-BF4B-00C04F79EFBC}") = "TextToAudio", "TextToAudio\TextToAudio.csproj", "{707F2192-6BAE-4CCA-B95A-F65D263F86C4}"
EndProject
Project("{9A19103F-16F7-4668-BE54-9A1E7A4F7556}") = "JustCrawlerCore", "..\..\JustCrawler\JustCrawler\JustCrawlerCore.csproj", "{6AB0E828-03A9-456D-AA00-CC288DC6CBAE}"
EndProject
Global
	GlobalSection(SolutionConfigurationPlatforms) = preSolution
		Debug|Any CPU = Debug|Any CPU
		Debug|Mixed Platforms = Debug|Mixed Platforms
		Debug|Win32 = Debug|Win32
		Debug|x86 = Debug|x86
		Release|Any CPU = Release|Any CPU
		Release|Mixed Platforms = Release|Mixed Platforms
		Release|Win32 = Release|Win32
		Release|x86 = Release|x86
	EndGlobalSection
	GlobalSection(ProjectConfigurationPlatforms) = postSolution
		{10C41F56-B234-481B-9890-CF22D27D3FE0}.Debug|Any CPU.ActiveCfg = Debug|Any CPU
		{10C41F56-B234-481B-9890-CF22D27D3FE0}.Debug|Any CPU.Build.0 = Debug|Any CPU
		{10C41F56-B234-481B-9890-CF22D27D3FE0}.Debug|Mixed Platforms.ActiveCfg = Debug|Any CPU
		{10C41F56-B234-481B-9890-CF22D27D3FE0}.Debug|Mixed Platforms.Build.0 = Debug|Any CPU
		{10C41F56-B234-481B-9890-CF22D27D3FE0}.Debug|Win32.ActiveCfg = Debug|Any CPU
		{10C41F56-B234-481B-9890-CF22D27D3FE0}.Debug|Win32.Build.0 = Debug|Any CPU
		{10C41F56-B234-481B-9890-CF22D27D3FE0}.Debug|x86.ActiveCfg = Debug|Any CPU
		{10C41F56-B234-481B-9890-CF22D27D3FE0}.Debug|x86.Build.0 = Debug|Any CPU
		{10C41F56-B234-481B-9890-CF22D27D3FE0}.Release|Any CPU.ActiveCfg = Release|Any CPU
		{10C41F56-B234-481B-9890-CF22D27D3FE0}.Release|Any CPU.Build.0 = Release|Any CPU
		{10C41F56-B234-481B-9890-CF22D27D3FE0}.Release|Mixed Platforms.ActiveCfg = Release|Any CPU
		{10C41F56-B234-481B-9890-CF22D27D3FE0}.Release|Mixed Platforms.Build.0 = Release|Any CPU
		{10C41F56-B234-481B-9890-CF22D27D3FE0}.Release|Win32.ActiveCfg = Release|Any CPU
		{10C41F56-B234-481B-9890-CF22D27D3FE0}.Release|Win32.Build.0 = Release|Any CPU
		{10C41F56-B234-481B-9890-CF22D27D3FE0}.Release|x86.ActiveCfg = Release|Any CPU
		{10C41F56-B234-481B-9890-CF22D27D3FE0}.Release|x86.Build.0 = Release|Any CPU
		{7900035A-6B9F-4B07-84E0-71B5134406BD}.Debug|Any CPU.ActiveCfg = Debug|Any CPU
		{7900035A-6B9F-4B07-84E0-71B5134406BD}.Debug|Any CPU.Build.0 = Debug|Any CPU
		{7900035A-6B9F-4B07-84E0-71B5134406BD}.Debug|Mixed Platforms.ActiveCfg = Debug|Any CPU
		{7900035A-6B9F-4B07-84E0-71B5134406BD}.Debug|Mixed Platforms.Build.0 = Debug|Any CPU
		{7900035A-6B9F-4B07-84E0-71B5134406BD}.Debug|Win32.ActiveCfg = Debug|Any CPU
		{7900035A-6B9F-4B07-84E0-71B5134406BD}.Debug|Win32.Build.0 = Debug|Any CPU
		{7900035A-6B9F-4B07-84E0-71B5134406BD}.Debug|x86.ActiveCfg = Debug|Any CPU
		{7900035A-6B9F-4B07-84E0-71B5134406BD}.Debug|x86.Build.0 = Debug|Any CPU
		{7900035A-6B9F-4B07-84E0-71B5134406BD}.Release|Any CPU.ActiveCfg = Release|Any CPU
		{7900035A-6B9F-4B07-84E0-71B5134406BD}.Release|Any CPU.Build.0 = Release|Any CPU
		{7900035A-6B9F-4B07-84E0-71B5134406BD}.Release|Mixed Platforms.ActiveCfg = Release|Any CPU
		{7900035A-6B9F-4B07-84E0-71B5134406BD}.Release|Mixed Platforms.Build.0 = Release|Any CPU
		{7900035A-6B9F-4B07-84E0-71B5134406BD}.Release|Win32.ActiveCfg = Release|Any CPU
		{7900035A-6B9F-4B07-84E0-71B5134406BD}.Release|Win32.Build.0 = Release|Any CPU
		{7900035A-6B9F-4B07-84E0-71B5134406BD}.Release|x86.ActiveCfg = Release|Any CPU
		{7900035A-6B9F-4B07-84E0-71B5134406BD}.Release|x86.Build.0 = Release|Any CPU
		{C869D68A-C860-422A-8365-F747623FD01B}.Debug|Any CPU.ActiveCfg = Debug|Any CPU
		{C869D68A-C860-422A-8365-F747623FD01B}.Debug|Any CPU.Build.0 = Debug|Any CPU
		{C869D68A-C860-422A-8365-F747623FD01B}.Debug|Mixed Platforms.ActiveCfg = Debug|Any CPU
		{C869D68A-C860-422A-8365-F747623FD01B}.Debug|Mixed Platforms.Build.0 = Debug|Any CPU
		{C869D68A-C860-422A-8365-F747623FD01B}.Debug|Win32.ActiveCfg = Debug|Any CPU
		{C869D68A-C860-422A-8365-F747623FD01B}.Debug|Win32.Build.0 = Debug|Any CPU
		{C869D68A-C860-422A-8365-F747623FD01B}.Debug|x86.ActiveCfg = Debug|Any CPU
		{C869D68A-C860-422A-8365-F747623FD01B}.Debug|x86.Build.0 = Debug|Any CPU
		{C869D68A-C860-422A-8365-F747623FD01B}.Release|Any CPU.ActiveCfg = Release|Any CPU
		{C869D68A-C860-422A-8365-F747623FD01B}.Release|Any CPU.Build.0 = Release|Any CPU
		{C869D68A-C860-422A-8365-F747623FD01B}.Release|Mixed Platforms.ActiveCfg = Release|Any CPU
		{C869D68A-C860-422A-8365-F747623FD01B}.Release|Mixed Platforms.Build.0 = Release|Any CPU
		{C869D68A-C860-422A-8365-F747623FD01B}.Release|Win32.ActiveCfg = Release|Any CPU
		{C869D68A-C860-422A-8365-F747623FD01B}.Release|Win32.Build.0 = Release|Any CPU
		{C869D68A-C860-422A-8365-F747623FD01B}.Release|x86.ActiveCfg = Release|Any CPU
		{C869D68A-C860-422A-8365-F747623FD01B}.Release|x86.Build.0 = Release|Any CPU
		{86FBD987-0C65-40C3-A839-E6F7C17947B9}.Debug|Any CPU.ActiveCfg = Debug|Any CPU
		{86FBD987-0C65-40C3-A839-E6F7C17947B9}.Debug|Any CPU.Build.0 = Debug|Any CPU
		{86FBD987-0C65-40C3-A839-E6F7C17947B9}.Debug|Mixed Platforms.ActiveCfg = Debug|Any CPU
		{86FBD987-0C65-40C3-A839-E6F7C17947B9}.Debug|Mixed Platforms.Build.0 = Debug|Any CPU
		{86FBD987-0C65-40C3-A839-E6F7C17947B9}.Debug|Win32.ActiveCfg = Debug|Any CPU
		{86FBD987-0C65-40C3-A839-E6F7C17947B9}.Debug|Win32.Build.0 = Debug|Any CPU
		{86FBD987-0C65-40C3-A839-E6F7C17947B9}.Debug|x86.ActiveCfg = Debug|Any CPU
		{86FBD987-0C65-40C3-A839-E6F7C17947B9}.Debug|x86.Build.0 = Debug|Any CPU
		{86FBD987-0C65-40C3-A839-E6F7C17947B9}.Release|Any CPU.ActiveCfg = Release|Any CPU
		{86FBD987-0C65-40C3-A839-E6F7C17947B9}.Release|Any CPU.Build.0 = Release|Any CPU
		{86FBD987-0C65-40C3-A839-E6F7C17947B9}.Release|Mixed Platforms.ActiveCfg = Release|Any CPU
		{86FBD987-0C65-40C3-A839-E6F7C17947B9}.Release|Mixed Platforms.Build.0 = Release|Any CPU
		{86FBD987-0C65-40C3-A839-E6F7C17947B9}.Release|Win32.ActiveCfg = Release|Any CPU
		{86FBD987-0C65-40C3-A839-E6F7C17947B9}.Release|Win32.Build.0 = Release|Any CPU
		{86FBD987-0C65-40C3-A839-E6F7C17947B9}.Release|x86.ActiveCfg = Release|Any CPU
		{86FBD987-0C65-40C3-A839-E6F7C17947B9}.Release|x86.Build.0 = Release|Any CPU
		{56E96119-7B12-4E47-AA21-19A27ED6489B}.Debug|Any CPU.ActiveCfg = Debug|Any CPU
		{56E96119-7B12-4E47-AA21-19A27ED6489B}.Debug|Any CPU.Build.0 = Debug|Any CPU
		{56E96119-7B12-4E47-AA21-19A27ED6489B}.Debug|Mixed Platforms.ActiveCfg = Debug|Any CPU
		{56E96119-7B12-4E47-AA21-19A27ED6489B}.Debug|Mixed Platforms.Build.0 = Debug|Any CPU
		{56E96119-7B12-4E47-AA21-19A27ED6489B}.Debug|Win32.ActiveCfg = Debug|Any CPU
		{56E96119-7B12-4E47-AA21-19A27ED6489B}.Debug|Win32.Build.0 = Debug|Any CPU
		{56E96119-7B12-4E47-AA21-19A27ED6489B}.Debug|x86.ActiveCfg = Debug|Any CPU
		{56E96119-7B12-4E47-AA21-19A27ED6489B}.Release|Any CPU.ActiveCfg = Release|Any CPU
		{56E96119-7B12-4E47-AA21-19A27ED6489B}.Release|Any CPU.Build.0 = Release|Any CPU
		{56E96119-7B12-4E47-AA21-19A27ED6489B}.Release|Mixed Platforms.ActiveCfg = Release|Any CPU
		{56E96119-7B12-4E47-AA21-19A27ED6489B}.Release|Mixed Platforms.Build.0 = Release|Any CPU
		{56E96119-7B12-4E47-AA21-19A27ED6489B}.Release|Win32.ActiveCfg = Release|Any CPU
		{56E96119-7B12-4E47-AA21-19A27ED6489B}.Release|Win32.Build.0 = Release|Any CPU
		{56E96119-7B12-4E47-AA21-19A27ED6489B}.Release|x86.ActiveCfg = Release|Any CPU
		{10E7820B-E4FA-425A-8E94-2D196A4653E4}.Debug|Any CPU.ActiveCfg = Debug|Any CPU
		{10E7820B-E4FA-425A-8E94-2D196A4653E4}.Debug|Any CPU.Build.0 = Debug|Any CPU
		{10E7820B-E4FA-425A-8E94-2D196A4653E4}.Debug|Mixed Platforms.ActiveCfg = Debug|Any CPU
		{10E7820B-E4FA-425A-8E94-2D196A4653E4}.Debug|Mixed Platforms.Build.0 = Debug|Any CPU
		{10E7820B-E4FA-425A-8E94-2D196A4653E4}.Debug|Win32.ActiveCfg = Debug|Any CPU
		{10E7820B-E4FA-425A-8E94-2D196A4653E4}.Debug|Win32.Build.0 = Debug|Any CPU
		{10E7820B-E4FA-425A-8E94-2D196A4653E4}.Debug|x86.ActiveCfg = Debug|Any CPU
		{10E7820B-E4FA-425A-8E94-2D196A4653E4}.Release|Any CPU.ActiveCfg = Release|Any CPU
		{10E7820B-E4FA-425A-8E94-2D196A4653E4}.Release|Any CPU.Build.0 = Release|Any CPU
		{10E7820B-E4FA-425A-8E94-2D196A4653E4}.Release|Mixed Platforms.ActiveCfg = Release|Any CPU
		{10E7820B-E4FA-425A-8E94-2D196A4653E4}.Release|Mixed Platforms.Build.0 = Release|Any CPU
		{10E7820B-E4FA-425A-8E94-2D196A4653E4}.Release|Win32.ActiveCfg = Release|Any CPU
		{10E7820B-E4FA-425A-8E94-2D196A4653E4}.Release|Win32.Build.0 = Release|Any CPU
		{10E7820B-E4FA-425A-8E94-2D196A4653E4}.Release|x86.ActiveCfg = Release|Any CPU
		{A51896B4-C774-4DAA-83FC-50092153B0E3}.Debug|Any CPU.ActiveCfg = Debug|Any CPU
		{A51896B4-C774-4DAA-83FC-50092153B0E3}.Debug|Any CPU.Build.0 = Debug|Any CPU
		{A51896B4-C774-4DAA-83FC-50092153B0E3}.Debug|Mixed Platforms.ActiveCfg = Debug|Any CPU
		{A51896B4-C774-4DAA-83FC-50092153B0E3}.Debug|Mixed Platforms.Build.0 = Debug|Any CPU
		{A51896B4-C774-4DAA-83FC-50092153B0E3}.Debug|Win32.ActiveCfg = Debug|Any CPU
		{A51896B4-C774-4DAA-83FC-50092153B0E3}.Debug|Win32.Build.0 = Debug|Any CPU
		{A51896B4-C774-4DAA-83FC-50092153B0E3}.Debug|x86.ActiveCfg = Debug|Any CPU
		{A51896B4-C774-4DAA-83FC-50092153B0E3}.Debug|x86.Build.0 = Debug|Any CPU
		{A51896B4-C774-4DAA-83FC-50092153B0E3}.Release|Any CPU.ActiveCfg = Release|Any CPU
		{A51896B4-C774-4DAA-83FC-50092153B0E3}.Release|Any CPU.Build.0 = Release|Any CPU
		{A51896B4-C774-4DAA-83FC-50092153B0E3}.Release|Mixed Platforms.ActiveCfg = Release|Any CPU
		{A51896B4-C774-4DAA-83FC-50092153B0E3}.Release|Mixed Platforms.Build.0 = Release|Any CPU
		{A51896B4-C774-4DAA-83FC-50092153B0E3}.Release|Win32.ActiveCfg = Release|Any CPU
		{A51896B4-C774-4DAA-83FC-50092153B0E3}.Release|Win32.Build.0 = Release|Any CPU
		{A51896B4-C774-4DAA-83FC-50092153B0E3}.Release|x86.ActiveCfg = Release|Any CPU
		{A51896B4-C774-4DAA-83FC-50092153B0E3}.Release|x86.Build.0 = Release|Any CPU
		{C3DCCFE3-DD3F-4EEE-849B-33E355B1E064}.Debug|Any CPU.ActiveCfg = Debug|Any CPU
		{C3DCCFE3-DD3F-4EEE-849B-33E355B1E064}.Debug|Any CPU.Build.0 = Debug|Any CPU
		{C3DCCFE3-DD3F-4EEE-849B-33E355B1E064}.Debug|Mixed Platforms.ActiveCfg = Debug|Any CPU
		{C3DCCFE3-DD3F-4EEE-849B-33E355B1E064}.Debug|Mixed Platforms.Build.0 = Debug|Any CPU
		{C3DCCFE3-DD3F-4EEE-849B-33E355B1E064}.Debug|Win32.ActiveCfg = Debug|Any CPU
		{C3DCCFE3-DD3F-4EEE-849B-33E355B1E064}.Debug|x86.ActiveCfg = Debug|Any CPU
		{C3DCCFE3-DD3F-4EEE-849B-33E355B1E064}.Release|Any CPU.ActiveCfg = Release|Any CPU
		{C3DCCFE3-DD3F-4EEE-849B-33E355B1E064}.Release|Any CPU.Build.0 = Release|Any CPU
		{C3DCCFE3-DD3F-4EEE-849B-33E355B1E064}.Release|Mixed Platforms.ActiveCfg = Release|Any CPU
		{C3DCCFE3-DD3F-4EEE-849B-33E355B1E064}.Release|Mixed Platforms.Build.0 = Release|Any CPU
		{C3DCCFE3-DD3F-4EEE-849B-33E355B1E064}.Release|Win32.ActiveCfg = Release|Any CPU
		{C3DCCFE3-DD3F-4EEE-849B-33E355B1E064}.Release|x86.ActiveCfg = Release|Any CPU
		{A4816166-67F7-42FF-B199-2758574312B2}.Debug|Any CPU.ActiveCfg = Debug|Any CPU
		{A4816166-67F7-42FF-B199-2758574312B2}.Debug|Any CPU.Build.0 = Debug|Any CPU
		{A4816166-67F7-42FF-B199-2758574312B2}.Debug|Mixed Platforms.ActiveCfg = Debug|Any CPU
		{A4816166-67F7-42FF-B199-2758574312B2}.Debug|Mixed Platforms.Build.0 = Debug|Any CPU
		{A4816166-67F7-42FF-B199-2758574312B2}.Debug|Win32.ActiveCfg = Debug|Any CPU
		{A4816166-67F7-42FF-B199-2758574312B2}.Debug|x86.ActiveCfg = Debug|Any CPU
		{A4816166-67F7-42FF-B199-2758574312B2}.Release|Any CPU.ActiveCfg = Release|Any CPU
		{A4816166-67F7-42FF-B199-2758574312B2}.Release|Any CPU.Build.0 = Release|Any CPU
		{A4816166-67F7-42FF-B199-2758574312B2}.Release|Mixed Platforms.ActiveCfg = Release|Any CPU
		{A4816166-67F7-42FF-B199-2758574312B2}.Release|Mixed Platforms.Build.0 = Release|Any CPU
		{A4816166-67F7-42FF-B199-2758574312B2}.Release|Win32.ActiveCfg = Release|Any CPU
		{A4816166-67F7-42FF-B199-2758574312B2}.Release|x86.ActiveCfg = Release|Any CPU
		{9C5B4994-70C3-489D-933C-E2049C0505DB}.Debug|Any CPU.ActiveCfg = Debug|Any CPU
		{9C5B4994-70C3-489D-933C-E2049C0505DB}.Debug|Any CPU.Build.0 = Debug|Any CPU
		{9C5B4994-70C3-489D-933C-E2049C0505DB}.Debug|Mixed Platforms.ActiveCfg = Debug|Any CPU
		{9C5B4994-70C3-489D-933C-E2049C0505DB}.Debug|Mixed Platforms.Build.0 = Debug|Any CPU
		{9C5B4994-70C3-489D-933C-E2049C0505DB}.Debug|Win32.ActiveCfg = Debug|Any CPU
		{9C5B4994-70C3-489D-933C-E2049C0505DB}.Debug|x86.ActiveCfg = Debug|Any CPU
		{9C5B4994-70C3-489D-933C-E2049C0505DB}.Release|Any CPU.ActiveCfg = Release|Any CPU
		{9C5B4994-70C3-489D-933C-E2049C0505DB}.Release|Any CPU.Build.0 = Release|Any CPU
		{9C5B4994-70C3-489D-933C-E2049C0505DB}.Release|Mixed Platforms.ActiveCfg = Release|Any CPU
		{9C5B4994-70C3-489D-933C-E2049C0505DB}.Release|Mixed Platforms.Build.0 = Release|Any CPU
		{9C5B4994-70C3-489D-933C-E2049C0505DB}.Release|Win32.ActiveCfg = Release|Any CPU
		{9C5B4994-70C3-489D-933C-E2049C0505DB}.Release|x86.ActiveCfg = Release|Any CPU
		{637070BF-4FD2-4DF9-838F-1C42E7BDAE74}.Debug|Any CPU.ActiveCfg = Debug|Any CPU
		{637070BF-4FD2-4DF9-838F-1C42E7BDAE74}.Debug|Any CPU.Build.0 = Debug|Any CPU
		{637070BF-4FD2-4DF9-838F-1C42E7BDAE74}.Debug|Mixed Platforms.ActiveCfg = Debug|x86
		{637070BF-4FD2-4DF9-838F-1C42E7BDAE74}.Debug|Mixed Platforms.Build.0 = Debug|x86
		{637070BF-4FD2-4DF9-838F-1C42E7BDAE74}.Debug|Win32.ActiveCfg = Debug|x86
		{637070BF-4FD2-4DF9-838F-1C42E7BDAE74}.Debug|Win32.Build.0 = Debug|x86
		{637070BF-4FD2-4DF9-838F-1C42E7BDAE74}.Debug|x86.ActiveCfg = Debug|x86
		{637070BF-4FD2-4DF9-838F-1C42E7BDAE74}.Release|Any CPU.ActiveCfg = Release|Any CPU
		{637070BF-4FD2-4DF9-838F-1C42E7BDAE74}.Release|Any CPU.Build.0 = Release|Any CPU
		{637070BF-4FD2-4DF9-838F-1C42E7BDAE74}.Release|Mixed Platforms.ActiveCfg = Release|x86
		{637070BF-4FD2-4DF9-838F-1C42E7BDAE74}.Release|Mixed Platforms.Build.0 = Release|x86
		{637070BF-4FD2-4DF9-838F-1C42E7BDAE74}.Release|Win32.ActiveCfg = Release|x86
		{637070BF-4FD2-4DF9-838F-1C42E7BDAE74}.Release|Win32.Build.0 = Release|x86
		{637070BF-4FD2-4DF9-838F-1C42E7BDAE74}.Release|x86.ActiveCfg = Release|x86
		{84AA94EB-9DAB-4255-A16E-8A8BA7DFB913}.Debug|Any CPU.ActiveCfg = Debug|Any CPU
		{84AA94EB-9DAB-4255-A16E-8A8BA7DFB913}.Debug|Any CPU.Build.0 = Debug|Any CPU
		{84AA94EB-9DAB-4255-A16E-8A8BA7DFB913}.Debug|Mixed Platforms.ActiveCfg = Debug|Any CPU
		{84AA94EB-9DAB-4255-A16E-8A8BA7DFB913}.Debug|Mixed Platforms.Build.0 = Debug|Any CPU
		{84AA94EB-9DAB-4255-A16E-8A8BA7DFB913}.Debug|Win32.ActiveCfg = Debug|Any CPU
		{84AA94EB-9DAB-4255-A16E-8A8BA7DFB913}.Debug|x86.ActiveCfg = Debug|Any CPU
		{84AA94EB-9DAB-4255-A16E-8A8BA7DFB913}.Release|Any CPU.ActiveCfg = Release|Any CPU
		{84AA94EB-9DAB-4255-A16E-8A8BA7DFB913}.Release|Mixed Platforms.ActiveCfg = Release|Any CPU
		{84AA94EB-9DAB-4255-A16E-8A8BA7DFB913}.Release|Mixed Platforms.Build.0 = Release|Any CPU
		{84AA94EB-9DAB-4255-A16E-8A8BA7DFB913}.Release|Win32.ActiveCfg = Release|Any CPU
		{84AA94EB-9DAB-4255-A16E-8A8BA7DFB913}.Release|x86.ActiveCfg = Release|Any CPU
		{9522588A-5311-41F1-814C-4FB626FC0B47}.Debug|Any CPU.ActiveCfg = Debug|Any CPU
		{9522588A-5311-41F1-814C-4FB626FC0B47}.Debug|Any CPU.Build.0 = Debug|Any CPU
		{9522588A-5311-41F1-814C-4FB626FC0B47}.Debug|Mixed Platforms.ActiveCfg = Debug|Any CPU
		{9522588A-5311-41F1-814C-4FB626FC0B47}.Debug|Mixed Platforms.Build.0 = Debug|Any CPU
		{9522588A-5311-41F1-814C-4FB626FC0B47}.Debug|Win32.ActiveCfg = Debug|Any CPU
		{9522588A-5311-41F1-814C-4FB626FC0B47}.Debug|x86.ActiveCfg = Debug|Any CPU
		{9522588A-5311-41F1-814C-4FB626FC0B47}.Release|Any CPU.ActiveCfg = Release|Any CPU
		{9522588A-5311-41F1-814C-4FB626FC0B47}.Release|Any CPU.Build.0 = Release|Any CPU
		{9522588A-5311-41F1-814C-4FB626FC0B47}.Release|Mixed Platforms.ActiveCfg = Release|Any CPU
		{9522588A-5311-41F1-814C-4FB626FC0B47}.Release|Mixed Platforms.Build.0 = Release|Any CPU
		{9522588A-5311-41F1-814C-4FB626FC0B47}.Release|Win32.ActiveCfg = Release|Any CPU
		{9522588A-5311-41F1-814C-4FB626FC0B47}.Release|x86.ActiveCfg = Release|Any CPU
		{2CE65814-8EF5-4133-822B-3B7177A4E292}.Debug|Any CPU.ActiveCfg = Debug|Any CPU
		{2CE65814-8EF5-4133-822B-3B7177A4E292}.Debug|Any CPU.Build.0 = Debug|Any CPU
		{2CE65814-8EF5-4133-822B-3B7177A4E292}.Debug|Mixed Platforms.ActiveCfg = Debug|Any CPU
		{2CE65814-8EF5-4133-822B-3B7177A4E292}.Debug|Mixed Platforms.Build.0 = Debug|Any CPU
		{2CE65814-8EF5-4133-822B-3B7177A4E292}.Debug|Win32.ActiveCfg = Debug|Any CPU
		{2CE65814-8EF5-4133-822B-3B7177A4E292}.Debug|x86.ActiveCfg = Debug|Any CPU
		{2CE65814-8EF5-4133-822B-3B7177A4E292}.Release|Any CPU.ActiveCfg = Release|Any CPU
		{2CE65814-8EF5-4133-822B-3B7177A4E292}.Release|Any CPU.Build.0 = Release|Any CPU
		{2CE65814-8EF5-4133-822B-3B7177A4E292}.Release|Mixed Platforms.ActiveCfg = Release|Any CPU
		{2CE65814-8EF5-4133-822B-3B7177A4E292}.Release|Mixed Platforms.Build.0 = Release|Any CPU
		{2CE65814-8EF5-4133-822B-3B7177A4E292}.Release|Win32.ActiveCfg = Release|Any CPU
		{2CE65814-8EF5-4133-822B-3B7177A4E292}.Release|x86.ActiveCfg = Release|Any CPU
		{C6F0D42E-A5D4-4A7B-AD77-91A84449DE04}.Debug|Any CPU.ActiveCfg = Debug|Any CPU
		{C6F0D42E-A5D4-4A7B-AD77-91A84449DE04}.Debug|Any CPU.Build.0 = Debug|Any CPU
		{C6F0D42E-A5D4-4A7B-AD77-91A84449DE04}.Debug|Mixed Platforms.ActiveCfg = Debug|Any CPU
		{C6F0D42E-A5D4-4A7B-AD77-91A84449DE04}.Debug|Mixed Platforms.Build.0 = Debug|Any CPU
		{C6F0D42E-A5D4-4A7B-AD77-91A84449DE04}.Debug|Win32.ActiveCfg = Debug|Any CPU
		{C6F0D42E-A5D4-4A7B-AD77-91A84449DE04}.Debug|x86.ActiveCfg = Debug|Any CPU
		{C6F0D42E-A5D4-4A7B-AD77-91A84449DE04}.Release|Any CPU.ActiveCfg = Release|Any CPU
		{C6F0D42E-A5D4-4A7B-AD77-91A84449DE04}.Release|Any CPU.Build.0 = Release|Any CPU
		{C6F0D42E-A5D4-4A7B-AD77-91A84449DE04}.Release|Mixed Platforms.ActiveCfg = Release|Any CPU
		{C6F0D42E-A5D4-4A7B-AD77-91A84449DE04}.Release|Mixed Platforms.Build.0 = Release|Any CPU
		{C6F0D42E-A5D4-4A7B-AD77-91A84449DE04}.Release|Win32.ActiveCfg = Release|Any CPU
		{C6F0D42E-A5D4-4A7B-AD77-91A84449DE04}.Release|x86.ActiveCfg = Release|Any CPU
		{237BD115-097E-4EB9-B447-8299F2EA5C7D}.Debug|Any CPU.ActiveCfg = Debug|Any CPU
		{237BD115-097E-4EB9-B447-8299F2EA5C7D}.Debug|Any CPU.Build.0 = Debug|Any CPU
		{237BD115-097E-4EB9-B447-8299F2EA5C7D}.Debug|Mixed Platforms.ActiveCfg = Debug|Any CPU
		{237BD115-097E-4EB9-B447-8299F2EA5C7D}.Debug|Mixed Platforms.Build.0 = Debug|Any CPU
		{237BD115-097E-4EB9-B447-8299F2EA5C7D}.Debug|Win32.ActiveCfg = Debug|Any CPU
		{237BD115-097E-4EB9-B447-8299F2EA5C7D}.Debug|x86.ActiveCfg = Debug|Any CPU
		{237BD115-097E-4EB9-B447-8299F2EA5C7D}.Release|Any CPU.ActiveCfg = Release|Any CPU
		{237BD115-097E-4EB9-B447-8299F2EA5C7D}.Release|Any CPU.Build.0 = Release|Any CPU
		{237BD115-097E-4EB9-B447-8299F2EA5C7D}.Release|Mixed Platforms.ActiveCfg = Release|Any CPU
		{237BD115-097E-4EB9-B447-8299F2EA5C7D}.Release|Mixed Platforms.Build.0 = Release|Any CPU
		{237BD115-097E-4EB9-B447-8299F2EA5C7D}.Release|Win32.ActiveCfg = Release|Any CPU
		{237BD115-097E-4EB9-B447-8299F2EA5C7D}.Release|x86.ActiveCfg = Release|Any CPU
		{0027D5BC-DF90-4EE4-B07E-4192A183AC38}.Debug|Any CPU.ActiveCfg = Debug|Any CPU
		{0027D5BC-DF90-4EE4-B07E-4192A183AC38}.Debug|Any CPU.Build.0 = Debug|Any CPU
		{0027D5BC-DF90-4EE4-B07E-4192A183AC38}.Debug|Mixed Platforms.ActiveCfg = Debug|Any CPU
		{0027D5BC-DF90-4EE4-B07E-4192A183AC38}.Debug|Mixed Platforms.Build.0 = Debug|Any CPU
		{0027D5BC-DF90-4EE4-B07E-4192A183AC38}.Debug|Win32.ActiveCfg = Debug|Any CPU
		{0027D5BC-DF90-4EE4-B07E-4192A183AC38}.Debug|x86.ActiveCfg = Debug|Any CPU
		{0027D5BC-DF90-4EE4-B07E-4192A183AC38}.Release|Any CPU.ActiveCfg = Release|Any CPU
		{0027D5BC-DF90-4EE4-B07E-4192A183AC38}.Release|Any CPU.Build.0 = Release|Any CPU
		{0027D5BC-DF90-4EE4-B07E-4192A183AC38}.Release|Mixed Platforms.ActiveCfg = Release|Any CPU
		{0027D5BC-DF90-4EE4-B07E-4192A183AC38}.Release|Mixed Platforms.Build.0 = Release|Any CPU
		{0027D5BC-DF90-4EE4-B07E-4192A183AC38}.Release|Win32.ActiveCfg = Release|Any CPU
		{0027D5BC-DF90-4EE4-B07E-4192A183AC38}.Release|x86.ActiveCfg = Release|Any CPU
		{EE2BF129-3451-4ADA-8698-42EE2A293688}.Debug|Any CPU.ActiveCfg = Debug|Any CPU
		{EE2BF129-3451-4ADA-8698-42EE2A293688}.Debug|Any CPU.Build.0 = Debug|Any CPU
		{EE2BF129-3451-4ADA-8698-42EE2A293688}.Debug|Mixed Platforms.ActiveCfg = Debug|Any CPU
		{EE2BF129-3451-4ADA-8698-42EE2A293688}.Debug|Mixed Platforms.Build.0 = Debug|Any CPU
		{EE2BF129-3451-4ADA-8698-42EE2A293688}.Debug|Win32.ActiveCfg = Debug|Any CPU
		{EE2BF129-3451-4ADA-8698-42EE2A293688}.Debug|x86.ActiveCfg = Debug|Any CPU
		{EE2BF129-3451-4ADA-8698-42EE2A293688}.Release|Any CPU.ActiveCfg = Release|Any CPU
		{EE2BF129-3451-4ADA-8698-42EE2A293688}.Release|Any CPU.Build.0 = Release|Any CPU
		{EE2BF129-3451-4ADA-8698-42EE2A293688}.Release|Mixed Platforms.ActiveCfg = Release|Any CPU
		{EE2BF129-3451-4ADA-8698-42EE2A293688}.Release|Mixed Platforms.Build.0 = Release|Any CPU
		{EE2BF129-3451-4ADA-8698-42EE2A293688}.Release|Win32.ActiveCfg = Release|Any CPU
		{EE2BF129-3451-4ADA-8698-42EE2A293688}.Release|x86.ActiveCfg = Release|Any CPU
		{C4C6E0DA-3C5A-4D43-B1BA-0289A813AEF4}.Debug|Any CPU.ActiveCfg = Debug|Any CPU
		{C4C6E0DA-3C5A-4D43-B1BA-0289A813AEF4}.Debug|Any CPU.Build.0 = Debug|Any CPU
		{C4C6E0DA-3C5A-4D43-B1BA-0289A813AEF4}.Debug|Mixed Platforms.ActiveCfg = Debug|Any CPU
		{C4C6E0DA-3C5A-4D43-B1BA-0289A813AEF4}.Debug|Mixed Platforms.Build.0 = Debug|Any CPU
		{C4C6E0DA-3C5A-4D43-B1BA-0289A813AEF4}.Debug|Win32.ActiveCfg = Debug|Any CPU
		{C4C6E0DA-3C5A-4D43-B1BA-0289A813AEF4}.Debug|x86.ActiveCfg = Debug|Any CPU
		{C4C6E0DA-3C5A-4D43-B1BA-0289A813AEF4}.Release|Any CPU.ActiveCfg = Release|Any CPU
		{C4C6E0DA-3C5A-4D43-B1BA-0289A813AEF4}.Release|Any CPU.Build.0 = Release|Any CPU
		{C4C6E0DA-3C5A-4D43-B1BA-0289A813AEF4}.Release|Mixed Platforms.ActiveCfg = Release|Any CPU
		{C4C6E0DA-3C5A-4D43-B1BA-0289A813AEF4}.Release|Mixed Platforms.Build.0 = Release|Any CPU
		{C4C6E0DA-3C5A-4D43-B1BA-0289A813AEF4}.Release|Win32.ActiveCfg = Release|Any CPU
		{C4C6E0DA-3C5A-4D43-B1BA-0289A813AEF4}.Release|x86.ActiveCfg = Release|Any CPU
		{6D37DDE4-2418-4EFB-A6E3-DC6A94D9369D}.Debug|Any CPU.ActiveCfg = Debug|Any CPU
		{6D37DDE4-2418-4EFB-A6E3-DC6A94D9369D}.Debug|Any CPU.Build.0 = Debug|Any CPU
		{6D37DDE4-2418-4EFB-A6E3-DC6A94D9369D}.Debug|Mixed Platforms.ActiveCfg = Debug|Any CPU
		{6D37DDE4-2418-4EFB-A6E3-DC6A94D9369D}.Debug|Mixed Platforms.Build.0 = Debug|Any CPU
		{6D37DDE4-2418-4EFB-A6E3-DC6A94D9369D}.Debug|Win32.ActiveCfg = Debug|Any CPU
		{6D37DDE4-2418-4EFB-A6E3-DC6A94D9369D}.Debug|x86.ActiveCfg = Debug|Any CPU
		{6D37DDE4-2418-4EFB-A6E3-DC6A94D9369D}.Release|Any CPU.ActiveCfg = Release|Any CPU
		{6D37DDE4-2418-4EFB-A6E3-DC6A94D9369D}.Release|Any CPU.Build.0 = Release|Any CPU
		{6D37DDE4-2418-4EFB-A6E3-DC6A94D9369D}.Release|Mixed Platforms.ActiveCfg = Release|Any CPU
		{6D37DDE4-2418-4EFB-A6E3-DC6A94D9369D}.Release|Mixed Platforms.Build.0 = Release|Any CPU
		{6D37DDE4-2418-4EFB-A6E3-DC6A94D9369D}.Release|Win32.ActiveCfg = Release|Any CPU
		{6D37DDE4-2418-4EFB-A6E3-DC6A94D9369D}.Release|x86.ActiveCfg = Release|Any CPU
		{6C38E542-EFCE-4CAB-9B11-2C3D4D85F5F4}.Debug|Any CPU.ActiveCfg = Debug|Any CPU
		{6C38E542-EFCE-4CAB-9B11-2C3D4D85F5F4}.Debug|Any CPU.Build.0 = Debug|Any CPU
		{6C38E542-EFCE-4CAB-9B11-2C3D4D85F5F4}.Debug|Mixed Platforms.ActiveCfg = Debug|Any CPU
		{6C38E542-EFCE-4CAB-9B11-2C3D4D85F5F4}.Debug|Mixed Platforms.Build.0 = Debug|Any CPU
		{6C38E542-EFCE-4CAB-9B11-2C3D4D85F5F4}.Debug|Win32.ActiveCfg = Debug|Any CPU
		{6C38E542-EFCE-4CAB-9B11-2C3D4D85F5F4}.Debug|x86.ActiveCfg = Debug|Any CPU
		{6C38E542-EFCE-4CAB-9B11-2C3D4D85F5F4}.Release|Any CPU.ActiveCfg = Release|Any CPU
		{6C38E542-EFCE-4CAB-9B11-2C3D4D85F5F4}.Release|Any CPU.Build.0 = Release|Any CPU
		{6C38E542-EFCE-4CAB-9B11-2C3D4D85F5F4}.Release|Mixed Platforms.ActiveCfg = Release|Any CPU
		{6C38E542-EFCE-4CAB-9B11-2C3D4D85F5F4}.Release|Mixed Platforms.Build.0 = Release|Any CPU
		{6C38E542-EFCE-4CAB-9B11-2C3D4D85F5F4}.Release|Win32.ActiveCfg = Release|Any CPU
		{6C38E542-EFCE-4CAB-9B11-2C3D4D85F5F4}.Release|x86.ActiveCfg = Release|Any CPU
		{000B0B0B-A12D-4EED-A261-7F95422E386A}.Debug|Any CPU.ActiveCfg = Debug|Any CPU
		{000B0B0B-A12D-4EED-A261-7F95422E386A}.Debug|Any CPU.Build.0 = Debug|Any CPU
		{000B0B0B-A12D-4EED-A261-7F95422E386A}.Debug|Mixed Platforms.ActiveCfg = Debug|Any CPU
		{000B0B0B-A12D-4EED-A261-7F95422E386A}.Debug|Mixed Platforms.Build.0 = Debug|Any CPU
		{000B0B0B-A12D-4EED-A261-7F95422E386A}.Debug|Win32.ActiveCfg = Debug|Any CPU
		{000B0B0B-A12D-4EED-A261-7F95422E386A}.Debug|x86.ActiveCfg = Debug|Any CPU
		{000B0B0B-A12D-4EED-A261-7F95422E386A}.Release|Any CPU.ActiveCfg = Release|Any CPU
		{000B0B0B-A12D-4EED-A261-7F95422E386A}.Release|Any CPU.Build.0 = Release|Any CPU
		{000B0B0B-A12D-4EED-A261-7F95422E386A}.Release|Mixed Platforms.ActiveCfg = Release|Any CPU
		{000B0B0B-A12D-4EED-A261-7F95422E386A}.Release|Mixed Platforms.Build.0 = Release|Any CPU
		{000B0B0B-A12D-4EED-A261-7F95422E386A}.Release|Win32.ActiveCfg = Release|Any CPU
		{000B0B0B-A12D-4EED-A261-7F95422E386A}.Release|x86.ActiveCfg = Release|Any CPU
		{529DEB01-14A3-4FEC-AD89-6D4D0DC433C3}.Debug|Any CPU.ActiveCfg = Debug|Any CPU
		{529DEB01-14A3-4FEC-AD89-6D4D0DC433C3}.Debug|Any CPU.Build.0 = Debug|Any CPU
		{529DEB01-14A3-4FEC-AD89-6D4D0DC433C3}.Debug|Mixed Platforms.ActiveCfg = Debug|Any CPU
		{529DEB01-14A3-4FEC-AD89-6D4D0DC433C3}.Debug|Mixed Platforms.Build.0 = Debug|Any CPU
		{529DEB01-14A3-4FEC-AD89-6D4D0DC433C3}.Debug|Win32.ActiveCfg = Debug|Any CPU
		{529DEB01-14A3-4FEC-AD89-6D4D0DC433C3}.Debug|x86.ActiveCfg = Debug|Any CPU
		{529DEB01-14A3-4FEC-AD89-6D4D0DC433C3}.Release|Any CPU.ActiveCfg = Release|Any CPU
		{529DEB01-14A3-4FEC-AD89-6D4D0DC433C3}.Release|Any CPU.Build.0 = Release|Any CPU
		{529DEB01-14A3-4FEC-AD89-6D4D0DC433C3}.Release|Mixed Platforms.ActiveCfg = Release|Any CPU
		{529DEB01-14A3-4FEC-AD89-6D4D0DC433C3}.Release|Mixed Platforms.Build.0 = Release|Any CPU
		{529DEB01-14A3-4FEC-AD89-6D4D0DC433C3}.Release|Win32.ActiveCfg = Release|Any CPU
		{529DEB01-14A3-4FEC-AD89-6D4D0DC433C3}.Release|x86.ActiveCfg = Release|Any CPU
		{F8733117-DA1D-40DC-AEF8-98051B86E219}.Debug|Any CPU.ActiveCfg = Debug|Any CPU
		{F8733117-DA1D-40DC-AEF8-98051B86E219}.Debug|Any CPU.Build.0 = Debug|Any CPU
		{F8733117-DA1D-40DC-AEF8-98051B86E219}.Debug|Mixed Platforms.ActiveCfg = Debug|Any CPU
		{F8733117-DA1D-40DC-AEF8-98051B86E219}.Debug|Mixed Platforms.Build.0 = Debug|Any CPU
		{F8733117-DA1D-40DC-AEF8-98051B86E219}.Debug|Win32.ActiveCfg = Debug|Any CPU
		{F8733117-DA1D-40DC-AEF8-98051B86E219}.Debug|x86.ActiveCfg = Debug|Any CPU
		{F8733117-DA1D-40DC-AEF8-98051B86E219}.Release|Any CPU.ActiveCfg = Release|Any CPU
		{F8733117-DA1D-40DC-AEF8-98051B86E219}.Release|Any CPU.Build.0 = Release|Any CPU
		{F8733117-DA1D-40DC-AEF8-98051B86E219}.Release|Mixed Platforms.ActiveCfg = Release|Any CPU
		{F8733117-DA1D-40DC-AEF8-98051B86E219}.Release|Mixed Platforms.Build.0 = Release|Any CPU
		{F8733117-DA1D-40DC-AEF8-98051B86E219}.Release|Win32.ActiveCfg = Release|Any CPU
		{F8733117-DA1D-40DC-AEF8-98051B86E219}.Release|x86.ActiveCfg = Release|Any CPU
		{F4E6168A-B2CB-413C-AE0E-0D8B856B425E}.Debug|Any CPU.ActiveCfg = Debug|Any CPU
		{F4E6168A-B2CB-413C-AE0E-0D8B856B425E}.Debug|Any CPU.Build.0 = Debug|Any CPU
		{F4E6168A-B2CB-413C-AE0E-0D8B856B425E}.Debug|Mixed Platforms.ActiveCfg = Debug|Any CPU
		{F4E6168A-B2CB-413C-AE0E-0D8B856B425E}.Debug|Mixed Platforms.Build.0 = Debug|Any CPU
		{F4E6168A-B2CB-413C-AE0E-0D8B856B425E}.Debug|Win32.ActiveCfg = Debug|Any CPU
		{F4E6168A-B2CB-413C-AE0E-0D8B856B425E}.Debug|x86.ActiveCfg = Debug|Any CPU
		{F4E6168A-B2CB-413C-AE0E-0D8B856B425E}.Release|Any CPU.ActiveCfg = Release|Any CPU
		{F4E6168A-B2CB-413C-AE0E-0D8B856B425E}.Release|Any CPU.Build.0 = Release|Any CPU
		{F4E6168A-B2CB-413C-AE0E-0D8B856B425E}.Release|Mixed Platforms.ActiveCfg = Release|Any CPU
		{F4E6168A-B2CB-413C-AE0E-0D8B856B425E}.Release|Mixed Platforms.Build.0 = Release|Any CPU
		{F4E6168A-B2CB-413C-AE0E-0D8B856B425E}.Release|Win32.ActiveCfg = Release|Any CPU
		{F4E6168A-B2CB-413C-AE0E-0D8B856B425E}.Release|x86.ActiveCfg = Release|Any CPU
		{3CC0E6B1-1E96-4A07-8AE7-A7C7F47911B1}.Debug|Any CPU.ActiveCfg = Debug|Any CPU
		{3CC0E6B1-1E96-4A07-8AE7-A7C7F47911B1}.Debug|Any CPU.Build.0 = Debug|Any CPU
		{3CC0E6B1-1E96-4A07-8AE7-A7C7F47911B1}.Debug|Mixed Platforms.ActiveCfg = Debug|Any CPU
		{3CC0E6B1-1E96-4A07-8AE7-A7C7F47911B1}.Debug|Mixed Platforms.Build.0 = Debug|Any CPU
		{3CC0E6B1-1E96-4A07-8AE7-A7C7F47911B1}.Debug|Win32.ActiveCfg = Debug|Any CPU
		{3CC0E6B1-1E96-4A07-8AE7-A7C7F47911B1}.Debug|x86.ActiveCfg = Debug|Any CPU
		{3CC0E6B1-1E96-4A07-8AE7-A7C7F47911B1}.Release|Any CPU.ActiveCfg = Release|Any CPU
		{3CC0E6B1-1E96-4A07-8AE7-A7C7F47911B1}.Release|Any CPU.Build.0 = Release|Any CPU
		{3CC0E6B1-1E96-4A07-8AE7-A7C7F47911B1}.Release|Mixed Platforms.ActiveCfg = Release|Any CPU
		{3CC0E6B1-1E96-4A07-8AE7-A7C7F47911B1}.Release|Mixed Platforms.Build.0 = Release|Any CPU
		{3CC0E6B1-1E96-4A07-8AE7-A7C7F47911B1}.Release|Win32.ActiveCfg = Release|Any CPU
		{3CC0E6B1-1E96-4A07-8AE7-A7C7F47911B1}.Release|x86.ActiveCfg = Release|Any CPU
		{E0198A08-AAA8-4A76-B096-BBE72DA4F93B}.Debug|Any CPU.ActiveCfg = Debug|Any CPU
		{E0198A08-AAA8-4A76-B096-BBE72DA4F93B}.Debug|Any CPU.Build.0 = Debug|Any CPU
		{E0198A08-AAA8-4A76-B096-BBE72DA4F93B}.Debug|Mixed Platforms.ActiveCfg = Debug|Any CPU
		{E0198A08-AAA8-4A76-B096-BBE72DA4F93B}.Debug|Mixed Platforms.Build.0 = Debug|Any CPU
		{E0198A08-AAA8-4A76-B096-BBE72DA4F93B}.Debug|Win32.ActiveCfg = Debug|Any CPU
		{E0198A08-AAA8-4A76-B096-BBE72DA4F93B}.Debug|x86.ActiveCfg = Debug|Any CPU
		{E0198A08-AAA8-4A76-B096-BBE72DA4F93B}.Release|Any CPU.ActiveCfg = Release|Any CPU
		{E0198A08-AAA8-4A76-B096-BBE72DA4F93B}.Release|Any CPU.Build.0 = Release|Any CPU
		{E0198A08-AAA8-4A76-B096-BBE72DA4F93B}.Release|Mixed Platforms.ActiveCfg = Release|Any CPU
		{E0198A08-AAA8-4A76-B096-BBE72DA4F93B}.Release|Mixed Platforms.Build.0 = Release|Any CPU
		{E0198A08-AAA8-4A76-B096-BBE72DA4F93B}.Release|Win32.ActiveCfg = Release|Any CPU
		{E0198A08-AAA8-4A76-B096-BBE72DA4F93B}.Release|x86.ActiveCfg = Release|Any CPU
		{9CF28420-D689-46E6-B659-72520A515372}.Debug|Any CPU.ActiveCfg = Debug|Any CPU
		{9CF28420-D689-46E6-B659-72520A515372}.Debug|Any CPU.Build.0 = Debug|Any CPU
		{9CF28420-D689-46E6-B659-72520A515372}.Debug|Mixed Platforms.ActiveCfg = Debug|Any CPU
		{9CF28420-D689-46E6-B659-72520A515372}.Debug|Mixed Platforms.Build.0 = Debug|Any CPU
		{9CF28420-D689-46E6-B659-72520A515372}.Debug|Win32.ActiveCfg = Debug|Any CPU
		{9CF28420-D689-46E6-B659-72520A515372}.Debug|x86.ActiveCfg = Debug|Any CPU
		{9CF28420-D689-46E6-B659-72520A515372}.Release|Any CPU.ActiveCfg = Release|Any CPU
		{9CF28420-D689-46E6-B659-72520A515372}.Release|Any CPU.Build.0 = Release|Any CPU
		{9CF28420-D689-46E6-B659-72520A515372}.Release|Mixed Platforms.ActiveCfg = Release|Any CPU
		{9CF28420-D689-46E6-B659-72520A515372}.Release|Mixed Platforms.Build.0 = Release|Any CPU
		{9CF28420-D689-46E6-B659-72520A515372}.Release|Win32.ActiveCfg = Release|Any CPU
		{9CF28420-D689-46E6-B659-72520A515372}.Release|x86.ActiveCfg = Release|Any CPU
		{571AC77A-7D3D-44CF-B0E7-08DF03D7B638}.Debug|Any CPU.ActiveCfg = Debug|Any CPU
		{571AC77A-7D3D-44CF-B0E7-08DF03D7B638}.Debug|Any CPU.Build.0 = Debug|Any CPU
		{571AC77A-7D3D-44CF-B0E7-08DF03D7B638}.Debug|Mixed Platforms.ActiveCfg = Debug|Any CPU
		{571AC77A-7D3D-44CF-B0E7-08DF03D7B638}.Debug|Mixed Platforms.Build.0 = Debug|Any CPU
		{571AC77A-7D3D-44CF-B0E7-08DF03D7B638}.Debug|Win32.ActiveCfg = Debug|Any CPU
		{571AC77A-7D3D-44CF-B0E7-08DF03D7B638}.Debug|x86.ActiveCfg = Debug|Any CPU
		{571AC77A-7D3D-44CF-B0E7-08DF03D7B638}.Release|Any CPU.ActiveCfg = Release|Any CPU
		{571AC77A-7D3D-44CF-B0E7-08DF03D7B638}.Release|Any CPU.Build.0 = Release|Any CPU
		{571AC77A-7D3D-44CF-B0E7-08DF03D7B638}.Release|Mixed Platforms.ActiveCfg = Release|Any CPU
		{571AC77A-7D3D-44CF-B0E7-08DF03D7B638}.Release|Mixed Platforms.Build.0 = Release|Any CPU
		{571AC77A-7D3D-44CF-B0E7-08DF03D7B638}.Release|Win32.ActiveCfg = Release|Any CPU
		{571AC77A-7D3D-44CF-B0E7-08DF03D7B638}.Release|x86.ActiveCfg = Release|Any CPU
		{2EDF3192-9107-4B7A-914A-EA25AFEB9F85}.Debug|Any CPU.ActiveCfg = Debug|Any CPU
		{2EDF3192-9107-4B7A-914A-EA25AFEB9F85}.Debug|Any CPU.Build.0 = Debug|Any CPU
		{2EDF3192-9107-4B7A-914A-EA25AFEB9F85}.Debug|Mixed Platforms.ActiveCfg = Debug|Any CPU
		{2EDF3192-9107-4B7A-914A-EA25AFEB9F85}.Debug|Mixed Platforms.Build.0 = Debug|Any CPU
		{2EDF3192-9107-4B7A-914A-EA25AFEB9F85}.Debug|Win32.ActiveCfg = Debug|Any CPU
		{2EDF3192-9107-4B7A-914A-EA25AFEB9F85}.Debug|x86.ActiveCfg = Debug|Any CPU
		{2EDF3192-9107-4B7A-914A-EA25AFEB9F85}.Release|Any CPU.ActiveCfg = Release|Any CPU
		{2EDF3192-9107-4B7A-914A-EA25AFEB9F85}.Release|Any CPU.Build.0 = Release|Any CPU
		{2EDF3192-9107-4B7A-914A-EA25AFEB9F85}.Release|Mixed Platforms.ActiveCfg = Release|Any CPU
		{2EDF3192-9107-4B7A-914A-EA25AFEB9F85}.Release|Mixed Platforms.Build.0 = Release|Any CPU
		{2EDF3192-9107-4B7A-914A-EA25AFEB9F85}.Release|Win32.ActiveCfg = Release|Any CPU
		{2EDF3192-9107-4B7A-914A-EA25AFEB9F85}.Release|x86.ActiveCfg = Release|Any CPU
		{707F2192-6BAE-4CCA-B95A-F65D263F86C4}.Debug|Any CPU.ActiveCfg = Debug|Any CPU
		{707F2192-6BAE-4CCA-B95A-F65D263F86C4}.Debug|Any CPU.Build.0 = Debug|Any CPU
		{707F2192-6BAE-4CCA-B95A-F65D263F86C4}.Debug|Mixed Platforms.ActiveCfg = Debug|Any CPU
		{707F2192-6BAE-4CCA-B95A-F65D263F86C4}.Debug|Mixed Platforms.Build.0 = Debug|Any CPU
		{707F2192-6BAE-4CCA-B95A-F65D263F86C4}.Debug|Win32.ActiveCfg = Debug|Any CPU
		{707F2192-6BAE-4CCA-B95A-F65D263F86C4}.Debug|Win32.Build.0 = Debug|Any CPU
		{707F2192-6BAE-4CCA-B95A-F65D263F86C4}.Debug|x86.ActiveCfg = Debug|Any CPU
		{707F2192-6BAE-4CCA-B95A-F65D263F86C4}.Debug|x86.Build.0 = Debug|Any CPU
		{707F2192-6BAE-4CCA-B95A-F65D263F86C4}.Release|Any CPU.ActiveCfg = Release|Any CPU
		{707F2192-6BAE-4CCA-B95A-F65D263F86C4}.Release|Any CPU.Build.0 = Release|Any CPU
		{707F2192-6BAE-4CCA-B95A-F65D263F86C4}.Release|Mixed Platforms.ActiveCfg = Release|Any CPU
		{707F2192-6BAE-4CCA-B95A-F65D263F86C4}.Release|Mixed Platforms.Build.0 = Release|Any CPU
		{707F2192-6BAE-4CCA-B95A-F65D263F86C4}.Release|Win32.ActiveCfg = Release|Any CPU
		{707F2192-6BAE-4CCA-B95A-F65D263F86C4}.Release|Win32.Build.0 = Release|Any CPU
		{707F2192-6BAE-4CCA-B95A-F65D263F86C4}.Release|x86.ActiveCfg = Release|Any CPU
		{707F2192-6BAE-4CCA-B95A-F65D263F86C4}.Release|x86.Build.0 = Release|Any CPU
		{6AB0E828-03A9-456D-AA00-CC288DC6CBAE}.Debug|Any CPU.ActiveCfg = Debug|Any CPU
		{6AB0E828-03A9-456D-AA00-CC288DC6CBAE}.Debug|Any CPU.Build.0 = Debug|Any CPU
		{6AB0E828-03A9-456D-AA00-CC288DC6CBAE}.Debug|Mixed Platforms.ActiveCfg = Debug|Any CPU
		{6AB0E828-03A9-456D-AA00-CC288DC6CBAE}.Debug|Mixed Platforms.Build.0 = Debug|Any CPU
		{6AB0E828-03A9-456D-AA00-CC288DC6CBAE}.Debug|Win32.ActiveCfg = Debug|Any CPU
		{6AB0E828-03A9-456D-AA00-CC288DC6CBAE}.Debug|Win32.Build.0 = Debug|Any CPU
		{6AB0E828-03A9-456D-AA00-CC288DC6CBAE}.Debug|x86.ActiveCfg = Debug|Any CPU
		{6AB0E828-03A9-456D-AA00-CC288DC6CBAE}.Debug|x86.Build.0 = Debug|Any CPU
		{6AB0E828-03A9-456D-AA00-CC288DC6CBAE}.Release|Any CPU.ActiveCfg = Release|Any CPU
		{6AB0E828-03A9-456D-AA00-CC288DC6CBAE}.Release|Any CPU.Build.0 = Release|Any CPU
		{6AB0E828-03A9-456D-AA00-CC288DC6CBAE}.Release|Mixed Platforms.ActiveCfg = Release|Any CPU
		{6AB0E828-03A9-456D-AA00-CC288DC6CBAE}.Release|Mixed Platforms.Build.0 = Release|Any CPU
		{6AB0E828-03A9-456D-AA00-CC288DC6CBAE}.Release|Win32.ActiveCfg = Release|Any CPU
		{6AB0E828-03A9-456D-AA00-CC288DC6CBAE}.Release|Win32.Build.0 = Release|Any CPU
		{6AB0E828-03A9-456D-AA00-CC288DC6CBAE}.Release|x86.ActiveCfg = Release|Any CPU
		{6AB0E828-03A9-456D-AA00-CC288DC6CBAE}.Release|x86.Build.0 = Release|Any CPU
	EndGlobalSection
	GlobalSection(SolutionProperties) = preSolution
		HideSolutionNode = FALSE
	EndGlobalSection
	GlobalSection(NestedProjects) = preSolution
		{C869D68A-C860-422A-8365-F747623FD01B} = {AE30F721-414C-4BF5-8E9D-952DA8EB6F43}
		{C3DCCFE3-DD3F-4EEE-849B-33E355B1E064} = {9084B6ED-5E91-4E36-81FC-D2AFE40946E4}
		{A4816166-67F7-42FF-B199-2758574312B2} = {9084B6ED-5E91-4E36-81FC-D2AFE40946E4}
		{1F24CB15-2CD3-432A-BE46-65CCE8A9DCF3} = {9084B6ED-5E91-4E36-81FC-D2AFE40946E4}
		{9C5B4994-70C3-489D-933C-E2049C0505DB} = {1F24CB15-2CD3-432A-BE46-65CCE8A9DCF3}
		{41D1D336-13B2-488B-8A85-C0F744035F8B} = {9084B6ED-5E91-4E36-81FC-D2AFE40946E4}
		{637070BF-4FD2-4DF9-838F-1C42E7BDAE74} = {41D1D336-13B2-488B-8A85-C0F744035F8B}
		{84AA94EB-9DAB-4255-A16E-8A8BA7DFB913} = {41D1D336-13B2-488B-8A85-C0F744035F8B}
		{9522588A-5311-41F1-814C-4FB626FC0B47} = {1F24CB15-2CD3-432A-BE46-65CCE8A9DCF3}
		{2CE65814-8EF5-4133-822B-3B7177A4E292} = {41D1D336-13B2-488B-8A85-C0F744035F8B}
		{C6F0D42E-A5D4-4A7B-AD77-91A84449DE04} = {41D1D336-13B2-488B-8A85-C0F744035F8B}
		{237BD115-097E-4EB9-B447-8299F2EA5C7D} = {41D1D336-13B2-488B-8A85-C0F744035F8B}
		{0027D5BC-DF90-4EE4-B07E-4192A183AC38} = {41D1D336-13B2-488B-8A85-C0F744035F8B}
		{EE2BF129-3451-4ADA-8698-42EE2A293688} = {41D1D336-13B2-488B-8A85-C0F744035F8B}
		{C4C6E0DA-3C5A-4D43-B1BA-0289A813AEF4} = {41D1D336-13B2-488B-8A85-C0F744035F8B}
		{6D37DDE4-2418-4EFB-A6E3-DC6A94D9369D} = {41D1D336-13B2-488B-8A85-C0F744035F8B}
		{6C38E542-EFCE-4CAB-9B11-2C3D4D85F5F4} = {41D1D336-13B2-488B-8A85-C0F744035F8B}
		{000B0B0B-A12D-4EED-A261-7F95422E386A} = {41D1D336-13B2-488B-8A85-C0F744035F8B}
		{529DEB01-14A3-4FEC-AD89-6D4D0DC433C3} = {41D1D336-13B2-488B-8A85-C0F744035F8B}
		{F8733117-DA1D-40DC-AEF8-98051B86E219} = {41D1D336-13B2-488B-8A85-C0F744035F8B}
		{F4E6168A-B2CB-413C-AE0E-0D8B856B425E} = {9084B6ED-5E91-4E36-81FC-D2AFE40946E4}
		{3CC0E6B1-1E96-4A07-8AE7-A7C7F47911B1} = {41D1D336-13B2-488B-8A85-C0F744035F8B}
		{E0198A08-AAA8-4A76-B096-BBE72DA4F93B} = {41D1D336-13B2-488B-8A85-C0F744035F8B}
		{9CF28420-D689-46E6-B659-72520A515372} = {41D1D336-13B2-488B-8A85-C0F744035F8B}
		{571AC77A-7D3D-44CF-B0E7-08DF03D7B638} = {41D1D336-13B2-488B-8A85-C0F744035F8B}
		{2EDF3192-9107-4B7A-914A-EA25AFEB9F85} = {41D1D336-13B2-488B-8A85-C0F744035F8B}
	EndGlobalSection
	GlobalSection(ExtensibilityGlobals) = postSolution
		SolutionGuid = {6AED9ED9-F6BD-4E11-B4DA-6E09F9191C23}
	EndGlobalSection
EndGlobal
